
Microsoft Visual Studio Solution File, Format Version 12.00
# Visual Studio Version 16
VisualStudioVersion = 16.0.30804.86
MinimumVisualStudioVersion = 10.0.40219.1
Project("{FAE04EC0-301F-11D3-BF4B-00C04F79EFBC}") = "AndrewCSharpCodingTest", "AndrewCSharpCodingTest\AndrewCSharpCodingTest.csproj", "{EE1EFB0E-1B06-4FA9-983F-DD284289D4C5}"
EndProject
Global
	GlobalSection(SolutionConfigurationPlatforms) = preSolution
		Debug|Any CPU = Debug|Any CPU
		Release|Any CPU = Release|Any CPU
	EndGlobalSection
	GlobalSection(ProjectConfigurationPlatforms) = postSolution
		{EE1EFB0E-1B06-4FA9-983F-DD284289D4C5}.Debug|Any CPU.ActiveCfg = Debug|Any CPU
		{EE1EFB0E-1B06-4FA9-983F-DD284289D4C5}.Debug|Any CPU.Build.0 = Debug|Any CPU
		{EE1EFB0E-1B06-4FA9-983F-DD284289D4C5}.Release|Any CPU.ActiveCfg = Release|Any CPU
		{EE1EFB0E-1B06-4FA9-983F-DD284289D4C5}.Release|Any CPU.Build.0 = Release|Any CPU
	EndGlobalSection
	GlobalSection(SolutionProperties) = preSolution
		HideSolutionNode = FALSE
	EndGlobalSection
	GlobalSection(ExtensibilityGlobals) = postSolution
		SolutionGuid = {2618B52C-1963-4724-BC38-12DF2DF64276}
	EndGlobalSection
EndGlobal
